{
  "version": 4,
  "terraform_version": "1.9.2",
  "serial": 3,
  "lineage": "dba40b13-b06e-5f02-3360-daa7e3d202d4",
  "outputs": {
    "keyname": {
      "value": "key_tf",
      "type": "string"
    }
  },
  "resources": [
    {
      "mode": "managed",
      "type": "aws_instance",
      "name": "web",
      "provider": "provider[\"registry.terraform.io/hashicorp/aws\"]",
      "instances": [
        {
          "schema_version": 1,
          "attributes": {
            "ami": "ami-0e472ba40eb589f49",
            "arn": "arn:aws:ec2:us-east-1:533267301700:instance/i-0b5dba06d00f84830",
            "associate_public_ip_address": true,
            "availability_zone": "us-east-1d",
            "capacity_reservation_specification": [
              {
                "capacity_reservation_preference": "open",
                "capacity_reservation_target": []
              }
            ],
            "cpu_core_count": 1,
            "cpu_options": [
              {
                "amd_sev_snp": "",
                "core_count": 1,
                "threads_per_core": 1
              }
            ],
            "cpu_threads_per_core": 1,
            "credit_specification": [
              {
                "cpu_credits": "standard"
              }
            ],
            "disable_api_stop": false,
            "disable_api_termination": false,
            "ebs_block_device": [],
            "ebs_optimized": false,
            "enclave_options": [
              {
                "enabled": false
              }
            ],
            "ephemeral_block_device": [],
            "get_password_data": false,
            "hibernation": false,
            "host_id": "",
            "host_resource_group_arn": null,
            "iam_instance_profile": "",
            "id": "i-0b5dba06d00f84830",
            "instance_initiated_shutdown_behavior": "stop",
            "instance_lifecycle": "",
            "instance_market_options": [],
            "instance_state": "running",
            "instance_type": "t2.micro",
            "ipv6_address_count": 0,
            "ipv6_addresses": [],
            "key_name": "key_tf",
            "launch_template": [],
            "maintenance_options": [
              {
                "auto_recovery": "default"
              }
            ],
            "metadata_options": [
              {
                "http_endpoint": "enabled",
                "http_protocol_ipv6": "disabled",
                "http_put_response_hop_limit": 1,
                "http_tokens": "optional",
                "instance_metadata_tags": "disabled"
              }
            ],
            "monitoring": false,
            "network_interface": [],
            "outpost_arn": "",
            "password_data": "",
            "placement_group": "",
            "placement_partition_number": 0,
            "primary_network_interface_id": "eni-07dde95ec4a9d8d85",
            "private_dns": "ip-172-31-32-90.ec2.internal",
            "private_dns_name_options": [
              {
                "enable_resource_name_dns_a_record": false,
                "enable_resource_name_dns_aaaa_record": false,
                "hostname_type": "ip-name"
              }
            ],
            "private_ip": "172.31.32.90",
            "public_dns": "ec2-54-145-146-50.compute-1.amazonaws.com",
            "public_ip": "54.145.146.50",
            "root_block_device": [
              {
                "delete_on_termination": true,
                "device_name": "/dev/sda1",
                "encrypted": false,
                "iops": 100,
                "kms_key_id": "",
                "tags": {},
                "tags_all": {},
                "throughput": 0,
                "volume_id": "vol-02739639bf1d69ab3",
                "volume_size": 8,
                "volume_type": "gp2"
              }
            ],
            "secondary_private_ips": [],
            "security_groups": [
              "default"
            ],
            "source_dest_check": true,
            "spot_instance_request_id": "",
            "subnet_id": "subnet-05c103f516572f644",
            "tags": {
              "Name": "first_tf_instance"
            },
            "tags_all": {
              "Name": "first_tf_instance"
            },
            "tenancy": "default",
            "timeouts": null,
            "user_data": null,
            "user_data_base64": null,
            "user_data_replace_on_change": false,
            "volume_tags": null,
            "vpc_security_group_ids": [
              "sg-0d146546c925a0efe"
            ]
          },
          "sensitive_attributes": [],
          "private": "eyJlMmJmYjczMC1lY2FhLTExZTYtOGY4OC0zNDM2M2JjN2M0YzAiOnsiY3JlYXRlIjo2MDAwMDAwMDAwMDAsImRlbGV0ZSI6MTIwMDAwMDAwMDAwMCwicmVhZCI6OTAwMDAwMDAwMDAwLCJ1cGRhdGUiOjYwMDAwMDAwMDAwMH0sInNjaGVtYV92ZXJzaW9uIjoiMSJ9",
          "dependencies": [
            "aws_key_pair.key_tf"
          ]
        }
      ]
    },
    {
      "mode": "managed",
      "type": "aws_key_pair",
      "name": "key_tf",
      "provider": "provider[\"registry.terraform.io/hashicorp/aws\"]",
      "instances": [
        {
          "schema_version": 1,
          "attributes": {
            "arn": "arn:aws:ec2:us-east-1:533267301700:key-pair/key_tf",
            "fingerprint": "50:6c:74:a3:35:1e:9f:c0:35:6b:ff:f2:65:92:6e:cd",
            "id": "key_tf",
            "key_name": "key_tf",
            "key_name_prefix": "",
            "key_pair_id": "key-05fb9f4427d116657",
            "key_type": "rsa",
            "public_key": "ssh-rsa AAAAB3NzaC1yc2EAAAADAQABAAABgQD7A3+5neYe9aN3gEw8wZI8oA6e+6SJg+qVcrOEA2dzXmrCXHtX5PjtWxgxXm2S/SgBL+kxu+T2wegZeRlUPzCSrkoTmgnWFNy4eDCxIwqE7/7XQ8FmG3f5jBFCd3rYznN4+GMdleTIj9VEeYaHDq1M5Z4RsFQYbrM4V/dF3jZPs+7N3UMq733QiE5DaxSME+n/NRXFODLAK89XB4SM5r05tKnKlxI4kcSIzEWFPvv0vKbSml66CArQBi5k77/hA3soQHrFodV+fH/3HFfhJxNNhL41Ys49Twp53H/Rsyw9Dg6lWcEDpx3Up/PFtvbtTz0oojcOhTjHPd4hrStduuuAg3NtdapoqVo1r6UWY7ddzIGuXNuVcPfaxmKTt3De+rzwhf9S9fIdCo7gNklUc0p679WFNoF1Tj3jDPTwPJ1lRpLbQ7td98+61E5QJbCxqGH3fTlsBGK6Wrpm+TBOrO4yxtbNF+C3gRJNTecaC9fhqrKLvIPX7EIjSlQPBlv0oGc= uday2@NIGHTMARE",
            "tags": null,
            "tags_all": {}
          },
          "sensitive_attributes": [],
          "private": "eyJzY2hlbWFfdmVyc2lvbiI6IjEifQ=="
        }
      ]
    }
  ],
  "check_results": null
}
